// !$*UTF8*$!
{
	archiveVersion = 1;
	classes = {
	};
	objectVersion = 50;
	objects = {

/* Begin PBXBuildFile section */
		0E38594025BEFD2C000085D7 /* AppDelegate.swift in Sources */ = {isa = PBXBuildFile; fileRef = 0E38593F25BEFD2C000085D7 /* AppDelegate.swift */; };
		0E38594225BEFD2C000085D7 /* SceneDelegate.swift in Sources */ = {isa = PBXBuildFile; fileRef = 0E38594125BEFD2C000085D7 /* SceneDelegate.swift */; };
		0E38594425BEFD2C000085D7 /* ViewController.swift in Sources */ = {isa = PBXBuildFile; fileRef = 0E38594325BEFD2C000085D7 /* ViewController.swift */; };
		0E38594725BEFD2C000085D7 /* Main.storyboard in Resources */ = {isa = PBXBuildFile; fileRef = 0E38594525BEFD2C000085D7 /* Main.storyboard */; };
		0E38594925BEFD30000085D7 /* Assets.xcassets in Resources */ = {isa = PBXBuildFile; fileRef = 0E38594825BEFD30000085D7 /* Assets.xcassets */; };
		0E38594C25BEFD30000085D7 /* LaunchScreen.storyboard in Resources */ = {isa = PBXBuildFile; fileRef = 0E38594A25BEFD30000085D7 /* LaunchScreen.storyboard */; };
		0E38595525BEFD5F000085D7 /* arkaplan.jpg in Resources */ = {isa = PBXBuildFile; fileRef = 0E38595425BEFD5F000085D7 /* arkaplan.jpg */; };
		0E38595825BEFF70000085D7 /* arkaplan2.jpg in Resources */ = {isa = PBXBuildFile; fileRef = 0E38595725BEFF6F000085D7 /* arkaplan2.jpg */; };
/* End PBXBuildFile section */

/* Begin PBXFileReference section */
		0E38593C25BEFD2C000085D7 /* KullaniciKayitFormu.app */ = {isa = PBXFileReference; explicitFileType = wrapper.application; includeInIndex = 0; path = KullaniciKayitFormu.app; sourceTree = BUILT_PRODUCTS_DIR; };
		0E38593F25BEFD2C000085D7 /* AppDelegate.swift */ = {isa = PBXFileReference; lastKnownFileType = sourcecode.swift; path = AppDelegate.swift; sourceTree = "<group>"; };
		0E38594125BEFD2C000085D7 /* SceneDelegate.swift */ = {isa = PBXFileReference; lastKnownFileType = sourcecode.swift; path = SceneDelegate.swift; sourceTree = "<group>"; };
		0E38594325BEFD2C000085D7 /* ViewController.swift */ = {isa = PBXFileReference; lastKnownFileType = sourcecode.swift; path = ViewController.swift; sourceTree = "<group>"; };
		0E38594625BEFD2C000085D7 /* Base */ = {isa = PBXFileReference; lastKnownFileType = file.storyboard; name = Base; path = Base.lproj/Main.storyboard; sourceTree = "<group>"; };
		0E38594825BEFD30000085D7 /* Assets.xcassets */ = {isa = PBXFileReference; lastKnownFileType = folder.assetcatalog; path = Assets.xcassets; sourceTree = "<group>"; };
		0E38594B25BEFD30000085D7 /* Base */ = {isa = PBXFileReference; lastKnownFileType = file.storyboard; name = Base; path = Base.lproj/LaunchScreen.storyboard; sourceTree = "<group>"; };
		0E38594D25BEFD30000085D7 /* Info.plist */ = {isa = PBXFileReference; lastKnownFileType = text.plist.xml; path = Info.plist; sourceTree = "<group>"; };
		0E38595425BEFD5F000085D7 /* arkaplan.jpg */ = {isa = PBXFileReference; lastKnownFileType = image.jpeg; path = arkaplan.jpg; sourceTree = "<group>"; };
		0E38595725BEFF6F000085D7 /* arkaplan2.jpg */ = {isa = PBXFileReference; lastKnownFileType = image.jpeg; path = arkaplan2.jpg; sourceTree = "<group>"; };
/* End PBXFileReference section */

/* Begin PBXFrameworksBuildPhase section */
		0E38593925BEFD2C000085D7 /* Frameworks */ = {
			isa = PBXFrameworksBuildPhase;
			buildActionMask = 2147483647;
			files = (
			);
			runOnlyForDeploymentPostprocessing = 0;
		};
/* End PBXFrameworksBuildPhase section */

/* Begin PBXGroup section */
		0E38593325BEFD2C000085D7 = {
			isa = PBXGroup;
			children = (
				0E38593E25BEFD2C000085D7 /* KullaniciKayitFormu */,
				0E38593D25BEFD2C000085D7 /* Products */,
			);
			sourceTree = "<group>";
		};
		0E38593D25BEFD2C000085D7 /* Products */ = {
			isa = PBXGroup;
			children = (
				0E38593C25BEFD2C000085D7 /* KullaniciKayitFormu.app */,
			);
			name = Products;
			sourceTree = "<group>";
		};
		0E38593E25BEFD2C000085D7 /* KullaniciKayitFormu */ = {
			isa = PBXGroup;
			children = (
				0E38593F25BEFD2C000085D7 /* AppDelegate.swift */,
				0E38594125BEFD2C000085D7 /* SceneDelegate.swift */,
				0E38594325BEFD2C000085D7 /* ViewController.swift */,
				0E38594525BEFD2C000085D7 /* Main.storyboard */,
				0E38594825BEFD30000085D7 /* Assets.xcassets */,
				0E38595725BEFF6F000085D7 /* arkaplan2.jpg */,
				0E38595425BEFD5F000085D7 /* arkaplan.jpg */,
				0E38594A25BEFD30000085D7 /* LaunchScreen.storyboard */,
				0E38594D25BEFD30000085D7 /* Info.plist */,
			);
			path = KullaniciKayitFormu;
			sourceTree = "<group>";
		};
/* End PBXGroup section */

/* Begin PBXNativeTarget section */
		0E38593B25BEFD2C000085D7 /* KullaniciKayitFormu */ = {
			isa = PBXNativeTarget;
			buildConfigurationList = 0E38595025BEFD30000085D7 /* Build configuration list for PBXNativeTarget "KullaniciKayitFormu" */;
			buildPhases = (
				0E38593825BEFD2C000085D7 /* Sources */,
				0E38593925BEFD2C000085D7 /* Frameworks */,
				0E38593A25BEFD2C000085D7 /* Resources */,
			);
			buildRules = (
			);
			dependencies = (
			);
			name = KullaniciKayitFormu;
			productName = KullaniciKayitFormu;
			productReference = 0E38593C25BEFD2C000085D7 /* KullaniciKayitFormu.app */;
			productType = "com.apple.product-type.application";
		};
/* End PBXNativeTarget section */

/* Begin PBXProject section */
		0E38593425BEFD2C000085D7 /* Project object */ = {
			isa = PBXProject;
			attributes = {
				LastSwiftUpdateCheck = 1230;
				LastUpgradeCheck = 1230;
				TargetAttributes = {
					0E38593B25BEFD2C000085D7 = {
						CreatedOnToolsVersion = 12.3;
					};
				};
			};
			buildConfigurationList = 0E38593725BEFD2C000085D7 /* Build configuration list for PBXProject "KullaniciKayitFormu" */;
			compatibilityVersion = "Xcode 9.3";
			developmentRegion = en;
			hasScannedForEncodings = 0;
			knownRegions = (
				en,
				Base,
			);
			mainGroup = 0E38593325BEFD2C000085D7;
			productRefGroup = 0E38593D25BEFD2C000085D7 /* Products */;
			projectDirPath = "";
			projectRoot = "";
			targets = (
				0E38593B25BEFD2C000085D7 /* KullaniciKayitFormu */,
			);
		};
/* End PBXProject section */

/* Begin PBXResourcesBuildPhase section */
		0E38593A25BEFD2C000085D7 /* Resources */ = {
			isa = PBXResourcesBuildPhase;
			buildActionMask = 2147483647;
			files = (
				0E38594C25BEFD30000085D7 /* LaunchScreen.storyboard in Resources */,
				0E38595825BEFF70000085D7 /* arkaplan2.jpg in Resources */,
				0E38595525BEFD5F000085D7 /* arkaplan.jpg in Resources */,
				0E38594925BEFD30000085D7 /* Assets.xcassets in Resources */,
				0E38594725BEFD2C000085D7 /* Main.storyboard in Resources */,
			);
			runOnlyForDeploymentPostprocessing = 0;
		};
/* End PBXResourcesBuildPhase section */

/* Begin PBXSourcesBuildPhase section */
		0E38593825BEFD2C000085D7 /* Sources */ = {
			isa = PBXSourcesBuildPhase;
			buildActionMask = 2147483647;
			files = (
				0E38594425BEFD2C000085D7 /* ViewController.swift in Sources */,
				0E38594025BEFD2C000085D7 /* AppDelegate.swift in Sources */,
				0E38594225BEFD2C000085D7 /* SceneDelegate.swift in Sources */,
			);
			runOnlyForDeploymentPostprocessing = 0;
		};
/* End PBXSourcesBuildPhase section */

/* Begin PBXVariantGroup section */
		0E38594525BEFD2C000085D7 /* Main.storyboard */ = {
			isa = PBXVariantGroup;
			children = (
				0E38594625BEFD2C000085D7 /* Base */,
			);
			name = Main.storyboard;
			sourceTree = "<group>";
		};
		0E38594A25BEFD30000085D7 /* LaunchScreen.storyboard */ = {
			isa = PBXVariantGroup;
			children = (
				0E38594B25BEFD30000085D7 /* Base */,
			);
			name = LaunchScreen.storyboard;
			sourceTree = "<group>";
		};
/* End PBXVariantGroup section */

/* Begin XCBuildConfiguration section */
		0E38594E25BEFD30000085D7 /* Debug */ = {
			isa = XCBuildConfiguration;
			buildSettings = {
				ALWAYS_SEARCH_USER_PATHS = NO;
				CLANG_ANALYZER_NONNULL = YES;
				CLANG_ANALYZER_NUMBER_OBJECT_CONVERSION = YES_AGGRESSIVE;
				CLANG_CXX_LANGUAGE_STANDARD = "gnu++14";
				CLANG_CXX_LIBRARY = "libc++";
				CLANG_ENABLE_MODULES = YES;
				CLANG_ENABLE_OBJC_ARC = YES;
				CLANG_ENABLE_OBJC_WEAK = YES;
				CLANG_WARN_BLOCK_CAPTURE_AUTORELEASING = YES;
				CLANG_WARN_BOOL_CONVERSION = YES;
				CLANG_WARN_COMMA = YES;
				CLANG_WARN_CONSTANT_CONVERSION = YES;
				CLANG_WARN_DEPRECATED_OBJC_IMPLEMENTATIONS = YES;
				CLANG_WARN_DIRECT_OBJC_ISA_USAGE = YES_ERROR;
				CLANG_WARN_DOCUMENTATION_COMMENTS = YES;
				CLANG_WARN_EMPTY_BODY = YES;
				CLANG_WARN_ENUM_CONVERSION = YES;
				CLANG_WARN_INFINITE_RECURSION = YES;
				CLANG_WARN_INT_CONVERSION = YES;
				CLANG_WARN_NON_LITERAL_NULL_CONVERSION = YES;
				CLANG_WARN_OBJC_IMPLICIT_RETAIN_SELF = YES;
				CLANG_WARN_OBJC_LITERAL_CONVERSION = YES;
				CLANG_WARN_OBJC_ROOT_CLASS = YES_ERROR;
				CLANG_WARN_QUOTED_INCLUDE_IN_FRAMEWORK_HEADER = YES;
				CLANG_WARN_RANGE_LOOP_ANALYSIS = YES;
				CLANG_WARN_STRICT_PROTOTYPES = YES;
				CLANG_WARN_SUSPICIOUS_MOVE = YES;
				CLANG_WARN_UNGUARDED_AVAILABILITY = YES_AGGRESSIVE;
				CLANG_WARN_UNREACHABLE_CODE = YES;
				CLANG_WARN__DUPLICATE_METHOD_MATCH = YES;
				COPY_PHASE_STRIP = NO;
				DEBUG_INFORMATION_FORMAT = dwarf;
				ENABLE_STRICT_OBJC_MSGSEND = YES;
				ENABLE_TESTABILITY = YES;
				GCC_C_LANGUAGE_STANDARD = gnu11;
				GCC_DYNAMIC_NO_PIC = NO;
				GCC_NO_COMMON_BLOCKS = YES;
				GCC_OPTIMIZATION_LEVEL = 0;
				GCC_PREPROCESSOR_DEFINITIONS = (
					"DEBUG=1",
					"$(inherited)",
				);
				GCC_WARN_64_TO_32_BIT_CONVERSION = YES;
				GCC_WARN_ABOUT_RETURN_TYPE = YES_ERROR;
				GCC_WARN_UNDECLARED_SELECTOR = YES;
				GCC_WARN_UNINITIALIZED_AUTOS = YES_AGGRESSIVE;
				GCC_WARN_UNUSED_FUNCTION = YES;
				GCC_WARN_UNUSED_VARIABLE = YES;
				IPHONEOS_DEPLOYMENT_TARGET = 14.3;
				MTL_ENABLE_DEBUG_INFO = INCLUDE_SOURCE;
				MTL_FAST_MATH = YES;
				ONLY_ACTIVE_ARCH = YES;
				SDKROOT = iphoneos;
				SWIFT_ACTIVE_COMPILATION_CONDITIONS = DEBUG;
				SWIFT_OPTIMIZATION_LEVEL = "-Onone";
			};
			name = Debug;
		};
		0E38594F25BEFD30000085D7 /* Release */ = {
			isa = XCBuildConfiguration;
			buildSettings = {
				ALWAYS_SEARCH_USER_PATHS = NO;
				CLANG_ANALYZER_NONNULL = YES;
				CLANG_ANALYZER_NUMBER_OBJECT_CONVERSION = YES_AGGRESSIVE;
				CLANG_CXX_LANGUAGE_STANDARD = "gnu++14";
				CLANG_CXX_LIBRARY = "libc++";
				CLANG_ENABLE_MODULES = YES;
				CLANG_ENABLE_OBJC_ARC = YES;
				CLANG_ENABLE_OBJC_WEAK = YES;
				CLANG_WARN_BLOCK_CAPTURE_AUTORELEASING = YES;
				CLANG_WARN_BOOL_CONVERSION = YES;
				CLANG_WARN_COMMA = YES;
				CLANG_WARN_CONSTANT_CONVERSION = YES;
				CLANG_WARN_DEPRECATED_OBJC_IMPLEMENTATIONS = YES;
				CLANG_WARN_DIRECT_OBJC_ISA_USAGE = YES_ERROR;
				CLANG_WARN_DOCUMENTATION_COMMENTS = YES;
				CLANG_WARN_EMPTY_BODY = YES;
				CLANG_WARN_ENUM_CONVERSION = YES;
				CLANG_WARN_INFINITE_RECURSION = YES;
				CLANG_WARN_INT_CONVERSION = YES;
				CLANG_WARN_NON_LITERAL_NULL_CONVERSION = YES;
				CLANG_WARN_OBJC_IMPLICIT_RETAIN_SELF = YES;
				CLANG_WARN_OBJC_LITERAL_CONVERSION = YES;
				CLANG_WARN_OBJC_ROOT_CLASS = YES_ERROR;
				CLANG_WARN_QUOTED_INCLUDE_IN_FRAMEWORK_HEADER = YES;
				CLANG_WARN_RANGE_LOOP_ANALYSIS = YES;
				CLANG_WARN_STRICT_PROTOTYPES = YES;
				CLANG_WARN_SUSPICIOUS_MOVE = YES;
				CLANG_WARN_UNGUARDED_AVAILABILITY = YES_AGGRESSIVE;
				CLANG_WARN_UNREACHABLE_CODE = YES;
				CLANG_WARN__DUPLICATE_METHOD_MATCH = YES;
				COPY_PHASE_STRIP = NO;
				DEBUG_INFORMATION_FORMAT = "dwarf-with-dsym";
				ENABLE_NS_ASSERTIONS = NO;
				ENABLE_STRICT_OBJC_MSGSEND = YES;
				GCC_C_LANGUAGE_STANDARD = gnu11;
				GCC_NO_COMMON_BLOCKS = YES;
				GCC_WARN_64_TO_32_BIT_CONVERSION = YES;
				GCC_WARN_ABOUT_RETURN_TYPE = YES_ERROR;
				GCC_WARN_UNDECLARED_SELECTOR = YES;
				GCC_WARN_UNINITIALIZED_AUTOS = YES_AGGRESSIVE;
				GCC_WARN_UNUSED_FUNCTION = YES;
				GCC_WARN_UNUSED_VARIABLE = YES;
				IPHONEOS_DEPLOYMENT_TARGET = 14.3;
				MTL_ENABLE_DEBUG_INFO = NO;
				MTL_FAST_MATH = YES;
				SDKROOT = iphoneos;
				SWIFT_COMPILATION_MODE = wholemodule;
				SWIFT_OPTIMIZATION_LEVEL = "-O";
				VALIDATE_PRODUCT = YES;
			};
			name = Release;
		};
		0E38595125BEFD30000085D7 /* Debug */ = {
			isa = XCBuildConfiguration;
			buildSettings = {
				ASSETCATALOG_COMPILER_APPICON_NAME = AppIcon;
				ASSETCATALOG_COMPILER_GLOBAL_ACCENT_COLOR_NAME = AccentColor;
				CODE_SIGN_STYLE = Automatic;
				INFOPLIST_FILE = KullaniciKayitFormu/Info.plist;
				LD_RUNPATH_SEARCH_PATHS = (
					"$(inherited)",
					"@executable_path/Frameworks",
				);
				PRODUCT_BUNDLE_IDENTIFIER = KARATEPE.KullaniciKayitFormu;
				PRODUCT_NAME = "$(TARGET_NAME)";
				SWIFT_VERSION = 5.0;
				TARGETED_DEVICE_FAMILY = "1,2";
			};
			name = Debug;
		};
		0E38595225BEFD30000085D7 /* Release */ = {
			isa = XCBuildConfiguration;
			buildSettings = {
				ASSETCATALOG_COMPILER_APPICON_NAME = AppIcon;
				ASSETCATALOG_COMPILER_GLOBAL_ACCENT_COLOR_NAME = AccentColor;
				CODE_SIGN_STYLE = Automatic;
				INFOPLIST_FILE = KullaniciKayitFormu/Info.plist;
				LD_RUNPATH_SEARCH_PATHS = (
					"$(inherited)",
					"@executable_path/Frameworks",
				);
				PRODUCT_BUNDLE_IDENTIFIER = KARATEPE.KullaniciKayitFormu;
				PRODUCT_NAME = "$(TARGET_NAME)";
				SWIFT_VERSION = 5.0;
				TARGETED_DEVICE_FAMILY = "1,2";
			};
			name = Release;
		};
/* End XCBuildConfiguration section */

/* Begin XCConfigurationList section */
		0E38593725BEFD2C000085D7 /* Build configuration list for PBXProject "KullaniciKayitFormu" */ = {
			isa = XCConfigurationList;
			buildConfigurations = (
				0E38594E25BEFD30000085D7 /* Debug */,
				0E38594F25BEFD30000085D7 /* Release */,
			);
			defaultConfigurationIsVisible = 0;
			defaultConfigurationName = Release;
		};
		0E38595025BEFD30000085D7 /* Build configuration list for PBXNativeTarget "KullaniciKayitFormu" */ = {
			isa = XCConfigurationList;
			buildConfigurations = (
				0E38595125BEFD30000085D7 /* Debug */,
				0E38595225BEFD30000085D7 /* Release */,
			);
			defaultConfigurationIsVisible = 0;
			defaultConfigurationName = Release;
		};
/* End XCConfigurationList section */
	};
	rootObject = 0E38593425BEFD2C000085D7 /* Project object */;
}
